
Microsoft Visual Studio Solution File, Format Version 12.00
# Visual Studio Version 17
VisualStudioVersion = 17.14.37111.16 d17.14
MinimumVisualStudioVersion = 10.0.40219.1
Project("{FAE04EC0-301F-11D3-BF4B-00C04F79EFBC}") = "JARVIS", "JARVIS\JARVIS.csproj", "{B7DCFBBA-F796-438E-8B04-0B72946A7C14}"
EndProject
Global
	GlobalSection(SolutionConfigurationPlatforms) = preSolution
		Debug|Any CPU = Debug|Any CPU
		Release|Any CPU = Release|Any CPU
	EndGlobalSection
	GlobalSection(ProjectConfigurationPlatforms) = postSolution
		{B7DCFBBA-F796-438E-8B04-0B72946A7C14}.Debug|Any CPU.ActiveCfg = Debug|Any CPU
		{B7DCFBBA-F796-438E-8B04-0B72946A7C14}.Debug|Any CPU.Build.0 = Debug|Any CPU
		{B7DCFBBA-F796-438E-8B04-0B72946A7C14}.Release|Any CPU.ActiveCfg = Release|Any CPU
		{B7DCFBBA-F796-438E-8B04-0B72946A7C14}.Release|Any CPU.Build.0 = Release|Any CPU
	EndGlobalSection
	GlobalSection(SolutionProperties) = preSolution
		HideSolutionNode = FALSE
	EndGlobalSection
	GlobalSection(ExtensibilityGlobals) = postSolution
		SolutionGuid = {D1255D4E-E32C-4206-A8E1-5032E5055EA3}
	EndGlobalSection
EndGlobal
